{
	"name": "@computerrock/formation-rest-utils",
	"version": "1.0.1",
	"lockfileVersion": 2,
	"requires": true,
	"packages": {
		"": {
			"name": "@computerrock/formation-rest-utils",
			"version": "1.0.0",
			"license": "MIT",
			"dependencies": {
				"content-type": "^1.0.5"
			},
			"engines": {
				"node": ">=20"
			}
		},
		"node_modules/content-type": {
			"version": "1.0.5",
			"resolved": "https://registry.npmjs.org/content-type/-/content-type-1.0.5.tgz",
			"integrity": "sha512-nTjqfcBFEipKdXCv4YDQWCfmcLZKm81ldF0pAopTvyrFGVbcR6P/VAAd5G7N+0tTr8QqiU0tFadD6FK4NtJwOA==",
			"engines": {
				"node": ">= 0.6"
			}
		}
	},
	"dependencies": {
		"content-type": {
			"version": "1.0.5",
			"resolved": "https://registry.npmjs.org/content-type/-/content-type-1.0.5.tgz",
			"integrity": "sha512-nTjqfcBFEipKdXCv4YDQWCfmcLZKm81ldF0pAopTvyrFGVbcR6P/VAAd5G7N+0tTr8QqiU0tFadD6FK4NtJwOA=="
		}
	}
}
