{
  "name": "@computerrock/formation-logger",
  "version": "1.0.0",
  "lockfileVersion": 2,
  "requires": true,
  "packages": {
    "": {
      "name": "@computerrock/formation-logger",
      "version": "1.0.0-alpha.0",
      "license": "MIT",
      "devDependencies": {
        "@computerrock/rollup-monorepo-bundler": "^2.0.0"
      },
      "engines": {
        "node": ">=20"
      }
    },
  },
  "dependencies": {
  }
}
