{
	"name": "@computerrock/formation-core",
	"version": "1.0.2",
	"lockfileVersion": 2,
	"requires": true,
	"packages": {
		"": {
			"name": "@computerrock/formation-core",
			"version": "1.0.0",
			"license": "MIT",
			"dependencies": {
				"flux-standard-action": "^2.1.2",
				"redux-devtools-extension": "^2.13.9",
				"redux-logger": "^4.0.0",
				"warning": "^4.0.3"
			},
			"engines": {
				"node": ">=20"
			},
			"peerDependencies": {
				"@computerrock/formation-i18n": "^0.28.0",
				"@computerrock/formation-logger": "^0.28.0",
				"@computerrock/formation-router": "^0.28.0",
				"immer": "^9.0.2",
				"prop-types": "^15.8.1",
				"react-redux": "^7.0.3",
				"redux": "^4.2.1",
				"redux-saga": "^1.2.3"
			}
		},
		"../formation-i18n": {
			"name": "@computerrock/formation-i18n",
			"version": "1.0.0",
			"extraneous": true,
			"license": "MIT",
			"dependencies": {
				"content-type": "^1.0.5",
				"qs": "^6.10.1"
			},
			"engines": {
				"node": ">=20"
			},
			"peerDependencies": {
				"prop-types": "15.x",
				"react": "18.x",
				"react-dom": "18.x"
			}
		},
		"../formation-logger": {
			"name": "@computerrock/formation-logger",
			"version": "1.0.0",
			"extraneous": true,
			"license": "MIT",
			"devDependencies": {
				"@computerrock/rollup-monorepo-bundler": "^2.0.0"
			},
			"engines": {
				"node": ">=20"
			}
		},
		"../formation-router": {
			"name": "@computerrock/formation-router",
			"version": "1.0.0",
			"extraneous": true,
			"license": "MIT",
			"dependencies": {
				"connected-react-router": "^6.9.1",
				"history": "^4.10.1",
				"path-to-regexp": "^6.2.1",
				"react-router": "^5.2.0",
				"react-router-config": "^5.1.1",
				"react-router-dom": "^5.2.0",
				"uuid": "^8.3.2"
			},
			"engines": {
				"node": ">=20"
			},
			"peerDependencies": {
				"@computerrock/formation-i18n": "^0.28.0",
				"@computerrock/formation-ui": "^0.28.0",
				"prop-types": "15.x",
				"react": "18.x",
				"react-redux": "^7.2.4",
				"redux": "^4.1.0",
				"redux-saga": "^1.1.3"
			}
		},
		"../formation-ui": {
			"name": "@computerrock/formation-ui",
			"version": "0.15.2",
			"extraneous": true,
			"license": "MIT",
			"dependencies": {
				"@computerrock/react-app-polyfill": "^1.0.1",
				"@computerrock/toolchain-react-app": "^2.0.1",
				"@jest/globals": "^26.6.2",
				"include-media": "^1.4.9",
				"lodash.debounce": "^4.0.8",
				"lodash.throttle": "^4.1.1",
				"moment": "^2.27.0",
				"react-addons-test-utils": "^15.6.2",
				"react-is": "^17.0.2",
				"shallowequal": "^1.1.0",
				"uuid": "^8.3.2"
			},
			"devDependencies": {
				"@computerrock/storybook-preset-react-app": "^1.2.0",
				"@storybook/addon-essentials": "^6.3.5",
				"@storybook/addon-links": "^6.3.5",
				"@storybook/addon-storyshots": "^6.3.5",
				"@storybook/builder-webpack5": "^6.3.5",
				"@storybook/manager-webpack5": "^6.3.5",
				"@storybook/react": "^6.3.5",
				"@testing-library/jest-dom": "^5.11.10",
				"@testing-library/react": "^11.2.6",
				"@wojtekmaj/enzyme-adapter-react-17": "^0.6.1",
				"enzyme": "^3.11.0",
				"jest-environment-jsdom-fourteen": "^1.0.1",
				"prop-types": "^15.7.2",
				"react": "^17.0.2",
				"react-dom": "^17.0.2",
				"react-router-config": "^5.1.1",
				"sinon": "^10.0.0",
				"webpack": "^4.46.0"
			},
			"engines": {
				"node": ">=12"
			},
			"peerDependencies": {
				"prop-types": "^15.7.2",
				"react": "^17.0.2",
				"react-dom": "^17.0.2",
				"react-router-config": "^5.1.1"
			}
		},
		"node_modules/deep-diff": {
			"version": "0.3.8",
			"resolved": "https://registry.npmjs.org/deep-diff/-/deep-diff-0.3.8.tgz",
			"integrity": "sha512-yVn6RZmHiGnxRKR9sJb3iVV2XTF1Ghh2DiWRZ3dMnGc43yUdWWF/kX6lQyk3+P84iprfWKU/8zFTrlkvtFm1ug=="
		},
		"node_modules/flux-standard-action": {
			"version": "2.1.2",
			"resolved": "https://registry.npmjs.org/flux-standard-action/-/flux-standard-action-2.1.2.tgz",
			"integrity": "sha512-7vdgawlphCjzaMLdpZv8hlGC/FJCXu6sqE3Wuqe3HLZ22KcDiO4IFplxLDePDhEt6hgCrugt45RoUObuzZP6Kg==",
			"dependencies": {
				"lodash.isplainobject": "^4.0.6",
				"lodash.isstring": "^4.0.1"
			}
		},
		"node_modules/js-tokens": {
			"version": "4.0.0",
			"resolved": "https://registry.npmjs.org/js-tokens/-/js-tokens-4.0.0.tgz",
			"integrity": "sha512-RdJUflcE3cUzKiMqQgsCu06FPu9UdIJO0beYbPhHN4k6apgJtifcoCtT9bcxOpYBtpD2kCM6Sbzg4CausW/PKQ=="
		},
		"node_modules/lodash.isplainobject": {
			"version": "4.0.6",
			"resolved": "https://registry.npmjs.org/lodash.isplainobject/-/lodash.isplainobject-4.0.6.tgz",
			"integrity": "sha512-oSXzaWypCMHkPC3NvBEaPHf0KsA5mvPrOPgQWDsbg8n7orZ290M0BmC/jgRZ4vcJ6DTAhjrsSYgdsW/F+MFOBA=="
		},
		"node_modules/lodash.isstring": {
			"version": "4.0.1",
			"resolved": "https://registry.npmjs.org/lodash.isstring/-/lodash.isstring-4.0.1.tgz",
			"integrity": "sha512-0wJxfxH1wgO3GrbuP+dTTk7op+6L41QCXbGINEmD+ny/G/eCqGzxyCsh7159S+mgDDcoarnBw6PC1PS5+wUGgw=="
		},
		"node_modules/loose-envify": {
			"version": "1.4.0",
			"resolved": "https://registry.npmjs.org/loose-envify/-/loose-envify-1.4.0.tgz",
			"integrity": "sha512-lyuxPGr/Wfhrlem2CL/UcnUc1zcqKAImBDzukY7Y5F/yQiNdko6+fRLevlw1HgMySw7f611UIY408EtxRSoK3Q==",
			"dependencies": {
				"js-tokens": "^3.0.0 || ^4.0.0"
			},
			"bin": {
				"loose-envify": "cli.js"
			}
		},
		"node_modules/redux-devtools-extension": {
			"version": "2.13.9",
			"resolved": "https://registry.npmjs.org/redux-devtools-extension/-/redux-devtools-extension-2.13.9.tgz",
			"integrity": "sha512-cNJ8Q/EtjhQaZ71c8I9+BPySIBVEKssbPpskBfsXqb8HJ002A3KRVHfeRzwRo6mGPqsm7XuHTqNSNeS1Khig0A==",
			"deprecated": "Package moved to @redux-devtools/extension.",
			"peerDependencies": {
				"redux": "^3.1.0 || ^4.0.0"
			}
		},
		"node_modules/redux-logger": {
			"version": "4.0.0",
			"resolved": "https://registry.npmjs.org/redux-logger/-/redux-logger-4.0.0.tgz",
			"integrity": "sha512-dl+5mQjk70HIlrgOgPMAL0d0hOhBTPQcG5zPPlPZKa/Yf4lU6A37mv3Xqn3lFp0eUguSApIa2GD/YJVOIQQi5A==",
			"dependencies": {
				"deep-diff": "^0.3.5"
			}
		},
		"node_modules/warning": {
			"version": "4.0.3",
			"resolved": "https://registry.npmjs.org/warning/-/warning-4.0.3.tgz",
			"integrity": "sha512-rpJyN222KWIvHJ/F53XSZv0Zl/accqHR8et1kpaMTD/fLCRxtV8iX8czMzY7sVZupTI3zcUTg8eycS2kNF9l6w==",
			"dependencies": {
				"loose-envify": "^1.0.0"
			}
		}
	},
	"dependencies": {
		"deep-diff": {
			"version": "0.3.8",
			"resolved": "https://registry.npmjs.org/deep-diff/-/deep-diff-0.3.8.tgz",
			"integrity": "sha512-yVn6RZmHiGnxRKR9sJb3iVV2XTF1Ghh2DiWRZ3dMnGc43yUdWWF/kX6lQyk3+P84iprfWKU/8zFTrlkvtFm1ug=="
		},
		"flux-standard-action": {
			"version": "2.1.2",
			"resolved": "https://registry.npmjs.org/flux-standard-action/-/flux-standard-action-2.1.2.tgz",
			"integrity": "sha512-7vdgawlphCjzaMLdpZv8hlGC/FJCXu6sqE3Wuqe3HLZ22KcDiO4IFplxLDePDhEt6hgCrugt45RoUObuzZP6Kg==",
			"requires": {
				"lodash.isplainobject": "^4.0.6",
				"lodash.isstring": "^4.0.1"
			}
		},
		"js-tokens": {
			"version": "4.0.0",
			"resolved": "https://registry.npmjs.org/js-tokens/-/js-tokens-4.0.0.tgz",
			"integrity": "sha512-RdJUflcE3cUzKiMqQgsCu06FPu9UdIJO0beYbPhHN4k6apgJtifcoCtT9bcxOpYBtpD2kCM6Sbzg4CausW/PKQ=="
		},
		"lodash.isplainobject": {
			"version": "4.0.6",
			"resolved": "https://registry.npmjs.org/lodash.isplainobject/-/lodash.isplainobject-4.0.6.tgz",
			"integrity": "sha512-oSXzaWypCMHkPC3NvBEaPHf0KsA5mvPrOPgQWDsbg8n7orZ290M0BmC/jgRZ4vcJ6DTAhjrsSYgdsW/F+MFOBA=="
		},
		"lodash.isstring": {
			"version": "4.0.1",
			"resolved": "https://registry.npmjs.org/lodash.isstring/-/lodash.isstring-4.0.1.tgz",
			"integrity": "sha512-0wJxfxH1wgO3GrbuP+dTTk7op+6L41QCXbGINEmD+ny/G/eCqGzxyCsh7159S+mgDDcoarnBw6PC1PS5+wUGgw=="
		},
		"loose-envify": {
			"version": "1.4.0",
			"resolved": "https://registry.npmjs.org/loose-envify/-/loose-envify-1.4.0.tgz",
			"integrity": "sha512-lyuxPGr/Wfhrlem2CL/UcnUc1zcqKAImBDzukY7Y5F/yQiNdko6+fRLevlw1HgMySw7f611UIY408EtxRSoK3Q==",
			"requires": {
				"js-tokens": "^3.0.0 || ^4.0.0"
			}
		},
		"redux-devtools-extension": {
			"version": "2.13.9",
			"resolved": "https://registry.npmjs.org/redux-devtools-extension/-/redux-devtools-extension-2.13.9.tgz",
			"integrity": "sha512-cNJ8Q/EtjhQaZ71c8I9+BPySIBVEKssbPpskBfsXqb8HJ002A3KRVHfeRzwRo6mGPqsm7XuHTqNSNeS1Khig0A=="
		},
		"redux-logger": {
			"version": "4.0.0",
			"resolved": "https://registry.npmjs.org/redux-logger/-/redux-logger-4.0.0.tgz",
			"integrity": "sha512-dl+5mQjk70HIlrgOgPMAL0d0hOhBTPQcG5zPPlPZKa/Yf4lU6A37mv3Xqn3lFp0eUguSApIa2GD/YJVOIQQi5A==",
			"requires": {
				"deep-diff": "^0.3.5"
			}
		},
		"warning": {
			"version": "4.0.3",
			"resolved": "https://registry.npmjs.org/warning/-/warning-4.0.3.tgz",
			"integrity": "sha512-rpJyN222KWIvHJ/F53XSZv0Zl/accqHR8et1kpaMTD/fLCRxtV8iX8czMzY7sVZupTI3zcUTg8eycS2kNF9l6w==",
			"requires": {
				"loose-envify": "^1.0.0"
			}
		}
	}
}
