{
  "name": "@computerrock/datadog-logger-client",
  "version": "1.0.0-alpha.0",
  "lockfileVersion": 2,
  "requires": true,
  "packages": {
    "": {
      "name": "@computerrock/datadog-logger-client",
      "version": "0.28.0",
      "license": "MIT",
      "dependencies": {
        "@datadog/browser-logs": "^2.18.0",
        "@datadog/browser-rum": "^2.18.0"
      },
      "devDependencies": {
        "@computerrock/rollup-monorepo-bundler": "^2.0.0-alpha.0"
      },
      "engines": {
        "node": ">=12"
      }
    },
    "../../../javascript-team-toolbox/packages/rollup-monorepo-bundler": {
      "name": "@computerrock/rollup-monorepo-bundler",
      "version": "2.0.0-alpha.0",
      "dev": true,
      "license": "MIT",
      "dependencies": {
        "@babel/core": "^7.23.3",
        "@babel/eslint-parser": "^7.23.3",
        "@babel/runtime-corejs3": "^7.23.3",
        "@computerrock/babel-preset-react-app": "^3.0.0-alpha.0",
        "@computerrock/eslint-config-base": "^2.0.0-alpha.0",
        "@computerrock/eslint-config-react-app": "^2.0.0-alpha.0",
        "@computerrock/react-dev-utils": "^2.0.0-alpha.0",
        "@lerna/batch-packages": "^3.16.0",
        "@lerna/filter-packages": "^4.0.0",
        "@lerna/project": "^4.0.0",
        "@rollup/plugin-babel": "^5.3.0",
        "@rollup/plugin-commonjs": "^21.0.1",
        "@rollup/plugin-json": "^4.1.0",
        "@rollup/plugin-node-resolve": "^13.1.3",
        "chalk": "^4.1.1",
        "eslint": "^8.54.0",
        "eslint-plugin-import": "^2.29.0",
        "eslint-plugin-jsdoc": "^46.9.0",
        "eslint-plugin-jsx-a11y": "^6.8.0",
        "eslint-plugin-node": "^11.1.0",
        "eslint-plugin-react": "^7.33.2",
        "eslint-plugin-react-hooks": "^4.6.0",
        "eslint-webpack-plugin": "^4.0.1",
        "rollup": "4.6.0",
        "rollup-plugin-eslint": "^7.0.0",
        "rollup-plugin-terser": "^7.0.2"
      },
      "bin": {
        "rollup-monorepo-bundler": "bin/rollup-monorepo-bundler.js"
      },
      "engines": {
        "node": ">=20"
      }
    },
    "../../javascript-team-toolbox/packages/rollup-monorepo-bundler": {
      "extraneous": true
    },
    "node_modules/@computerrock/rollup-monorepo-bundler": {
      "resolved": "../../../javascript-team-toolbox/packages/rollup-monorepo-bundler",
      "link": true
    },
    "node_modules/@datadog/browser-core": {
      "version": "2.18.0",
      "resolved": "https://registry.npmjs.org/@datadog/browser-core/-/browser-core-2.18.0.tgz",
      "integrity": "sha512-1RvxLK8TiuAaDrwkrlOg7wM+7FilJtNbC30h5BxoGChWEBB7QsgeYGnliQ60byZUCzhbvARVzHHNZTxUiP+fPQ==",
      "dependencies": {
        "tslib": "^1.10.0"
      }
    },
    "node_modules/@datadog/browser-logs": {
      "version": "2.18.0",
      "resolved": "https://registry.npmjs.org/@datadog/browser-logs/-/browser-logs-2.18.0.tgz",
      "integrity": "sha512-bDT5YkPNHGZmjADXtsVtwSyL+/J7MA4k2mBcHzutXK7/tKrIRiKH6ygHiBRryNHfD7/Q79tZqJzi32kSZy3AAA==",
      "dependencies": {
        "@datadog/browser-core": "2.18.0",
        "tslib": "^1.10.0"
      }
    },
    "node_modules/@datadog/browser-rum": {
      "version": "2.18.0",
      "resolved": "https://registry.npmjs.org/@datadog/browser-rum/-/browser-rum-2.18.0.tgz",
      "integrity": "sha512-cfji5LdYJl1EpDhDZS67cpvgF6mC+qHSKRDxHQmqYurZW8R97wRhvrfpQWpDrKnl46MCvdQ76qDpSk9AVqK1zg==",
      "dependencies": {
        "@datadog/browser-core": "2.18.0",
        "@datadog/browser-rum-core": "2.18.0",
        "tslib": "^1.10.0"
      }
    },
    "node_modules/@datadog/browser-rum-core": {
      "version": "2.18.0",
      "resolved": "https://registry.npmjs.org/@datadog/browser-rum-core/-/browser-rum-core-2.18.0.tgz",
      "integrity": "sha512-HzdoQltOdIkEEDiZj7r0kHDa/bw6WIBfKPQIv680arRXwhIrvaguwWUiJFTEXI865NA5ouSwGMpPm8Xgrb3B5g==",
      "dependencies": {
        "@datadog/browser-core": "2.18.0",
        "tslib": "^1.10.0"
      }
    },
    "node_modules/tslib": {
      "version": "1.14.1",
      "resolved": "https://registry.npmjs.org/tslib/-/tslib-1.14.1.tgz",
      "integrity": "sha512-Xni35NKzjgMrwevysHTCArtLDpPvye8zV/0E4EyYn43P7/7qvQwPh9BGkHewbMulVntbigmcT7rdX3BNo9wRJg=="
    }
  },
  "dependencies": {
    "@computerrock/rollup-monorepo-bundler": {
      "version": "file:../../../javascript-team-toolbox/packages/rollup-monorepo-bundler",
      "requires": {
        "@babel/core": "^7.23.3",
        "@babel/eslint-parser": "^7.23.3",
        "@babel/runtime-corejs3": "^7.23.3",
        "@computerrock/babel-preset-react-app": "^3.0.0-alpha.0",
        "@computerrock/eslint-config-base": "^2.0.0-alpha.0",
        "@computerrock/eslint-config-react-app": "^2.0.0-alpha.0",
        "@computerrock/react-dev-utils": "^2.0.0-alpha.0",
        "@lerna/batch-packages": "^3.16.0",
        "@lerna/filter-packages": "^4.0.0",
        "@lerna/project": "^4.0.0",
        "@rollup/plugin-babel": "^5.3.0",
        "@rollup/plugin-commonjs": "^21.0.1",
        "@rollup/plugin-json": "^4.1.0",
        "@rollup/plugin-node-resolve": "^13.1.3",
        "chalk": "^4.1.1",
        "eslint": "^8.54.0",
        "eslint-plugin-import": "^2.29.0",
        "eslint-plugin-jsdoc": "^46.9.0",
        "eslint-plugin-jsx-a11y": "^6.8.0",
        "eslint-plugin-node": "^11.1.0",
        "eslint-plugin-react": "^7.33.2",
        "eslint-plugin-react-hooks": "^4.6.0",
        "eslint-webpack-plugin": "^4.0.1",
        "rollup": "4.6.0",
        "rollup-plugin-eslint": "^7.0.0",
        "rollup-plugin-terser": "^7.0.2"
      }
    },
    "@datadog/browser-core": {
      "version": "2.18.0",
      "resolved": "https://registry.npmjs.org/@datadog/browser-core/-/browser-core-2.18.0.tgz",
      "integrity": "sha512-1RvxLK8TiuAaDrwkrlOg7wM+7FilJtNbC30h5BxoGChWEBB7QsgeYGnliQ60byZUCzhbvARVzHHNZTxUiP+fPQ==",
      "requires": {
        "tslib": "^1.10.0"
      }
    },
    "@datadog/browser-logs": {
      "version": "2.18.0",
      "resolved": "https://registry.npmjs.org/@datadog/browser-logs/-/browser-logs-2.18.0.tgz",
      "integrity": "sha512-bDT5YkPNHGZmjADXtsVtwSyL+/J7MA4k2mBcHzutXK7/tKrIRiKH6ygHiBRryNHfD7/Q79tZqJzi32kSZy3AAA==",
      "requires": {
        "@datadog/browser-core": "2.18.0",
        "tslib": "^1.10.0"
      }
    },
    "@datadog/browser-rum": {
      "version": "2.18.0",
      "resolved": "https://registry.npmjs.org/@datadog/browser-rum/-/browser-rum-2.18.0.tgz",
      "integrity": "sha512-cfji5LdYJl1EpDhDZS67cpvgF6mC+qHSKRDxHQmqYurZW8R97wRhvrfpQWpDrKnl46MCvdQ76qDpSk9AVqK1zg==",
      "requires": {
        "@datadog/browser-core": "2.18.0",
        "@datadog/browser-rum-core": "2.18.0",
        "tslib": "^1.10.0"
      }
    },
    "@datadog/browser-rum-core": {
      "version": "2.18.0",
      "resolved": "https://registry.npmjs.org/@datadog/browser-rum-core/-/browser-rum-core-2.18.0.tgz",
      "integrity": "sha512-HzdoQltOdIkEEDiZj7r0kHDa/bw6WIBfKPQIv680arRXwhIrvaguwWUiJFTEXI865NA5ouSwGMpPm8Xgrb3B5g==",
      "requires": {
        "@datadog/browser-core": "2.18.0",
        "tslib": "^1.10.0"
      }
    },
    "tslib": {
      "version": "1.14.1",
      "resolved": "https://registry.npmjs.org/tslib/-/tslib-1.14.1.tgz",
      "integrity": "sha512-Xni35NKzjgMrwevysHTCArtLDpPvye8zV/0E4EyYn43P7/7qvQwPh9BGkHewbMulVntbigmcT7rdX3BNo9wRJg=="
    }
  }
}
