{
	"name": "@computerrock/datadog-logger-client",
	"version": "1.0.9",
	"lockfileVersion": 2,
	"requires": true,
	"packages": {
		"": {
			"name": "@computerrock/datadog-logger-client",
			"version": "1.0.1",
			"license": "MIT",
			"dependencies": {
				"@datadog/browser-logs": "^2.18.0",
				"@datadog/browser-rum": "^2.18.0"
			},
			"engines": {
				"node": ">=20"
			}
		},
		"node_modules/@datadog/browser-core": {
			"version": "2.18.0",
			"resolved": "https://registry.npmjs.org/@datadog/browser-core/-/browser-core-2.18.0.tgz",
			"integrity": "sha512-1RvxLK8TiuAaDrwkrlOg7wM+7FilJtNbC30h5BxoGChWEBB7QsgeYGnliQ60byZUCzhbvARVzHHNZTxUiP+fPQ==",
			"dependencies": {
				"tslib": "^1.10.0"
			}
		},
		"node_modules/@datadog/browser-logs": {
			"version": "2.18.0",
			"resolved": "https://registry.npmjs.org/@datadog/browser-logs/-/browser-logs-2.18.0.tgz",
			"integrity": "sha512-bDT5YkPNHGZmjADXtsVtwSyL+/J7MA4k2mBcHzutXK7/tKrIRiKH6ygHiBRryNHfD7/Q79tZqJzi32kSZy3AAA==",
			"dependencies": {
				"@datadog/browser-core": "2.18.0",
				"tslib": "^1.10.0"
			}
		},
		"node_modules/@datadog/browser-rum": {
			"version": "2.18.0",
			"resolved": "https://registry.npmjs.org/@datadog/browser-rum/-/browser-rum-2.18.0.tgz",
			"integrity": "sha512-cfji5LdYJl1EpDhDZS67cpvgF6mC+qHSKRDxHQmqYurZW8R97wRhvrfpQWpDrKnl46MCvdQ76qDpSk9AVqK1zg==",
			"dependencies": {
				"@datadog/browser-core": "2.18.0",
				"@datadog/browser-rum-core": "2.18.0",
				"tslib": "^1.10.0"
			}
		},
		"node_modules/@datadog/browser-rum-core": {
			"version": "2.18.0",
			"resolved": "https://registry.npmjs.org/@datadog/browser-rum-core/-/browser-rum-core-2.18.0.tgz",
			"integrity": "sha512-HzdoQltOdIkEEDiZj7r0kHDa/bw6WIBfKPQIv680arRXwhIrvaguwWUiJFTEXI865NA5ouSwGMpPm8Xgrb3B5g==",
			"dependencies": {
				"@datadog/browser-core": "2.18.0",
				"tslib": "^1.10.0"
			}
		},
		"node_modules/tslib": {
			"version": "1.14.1",
			"resolved": "https://registry.npmjs.org/tslib/-/tslib-1.14.1.tgz",
			"integrity": "sha512-Xni35NKzjgMrwevysHTCArtLDpPvye8zV/0E4EyYn43P7/7qvQwPh9BGkHewbMulVntbigmcT7rdX3BNo9wRJg=="
		}
	},
	"dependencies": {
		"@datadog/browser-core": {
			"version": "2.18.0",
			"resolved": "https://registry.npmjs.org/@datadog/browser-core/-/browser-core-2.18.0.tgz",
			"integrity": "sha512-1RvxLK8TiuAaDrwkrlOg7wM+7FilJtNbC30h5BxoGChWEBB7QsgeYGnliQ60byZUCzhbvARVzHHNZTxUiP+fPQ==",
			"requires": {
				"tslib": "^1.10.0"
			}
		},
		"@datadog/browser-logs": {
			"version": "2.18.0",
			"resolved": "https://registry.npmjs.org/@datadog/browser-logs/-/browser-logs-2.18.0.tgz",
			"integrity": "sha512-bDT5YkPNHGZmjADXtsVtwSyL+/J7MA4k2mBcHzutXK7/tKrIRiKH6ygHiBRryNHfD7/Q79tZqJzi32kSZy3AAA==",
			"requires": {
				"@datadog/browser-core": "2.18.0",
				"tslib": "^1.10.0"
			}
		},
		"@datadog/browser-rum": {
			"version": "2.18.0",
			"resolved": "https://registry.npmjs.org/@datadog/browser-rum/-/browser-rum-2.18.0.tgz",
			"integrity": "sha512-cfji5LdYJl1EpDhDZS67cpvgF6mC+qHSKRDxHQmqYurZW8R97wRhvrfpQWpDrKnl46MCvdQ76qDpSk9AVqK1zg==",
			"requires": {
				"@datadog/browser-core": "2.18.0",
				"@datadog/browser-rum-core": "2.18.0",
				"tslib": "^1.10.0"
			}
		},
		"@datadog/browser-rum-core": {
			"version": "2.18.0",
			"resolved": "https://registry.npmjs.org/@datadog/browser-rum-core/-/browser-rum-core-2.18.0.tgz",
			"integrity": "sha512-HzdoQltOdIkEEDiZj7r0kHDa/bw6WIBfKPQIv680arRXwhIrvaguwWUiJFTEXI865NA5ouSwGMpPm8Xgrb3B5g==",
			"requires": {
				"@datadog/browser-core": "2.18.0",
				"tslib": "^1.10.0"
			}
		},
		"tslib": {
			"version": "1.14.1",
			"resolved": "https://registry.npmjs.org/tslib/-/tslib-1.14.1.tgz",
			"integrity": "sha512-Xni35NKzjgMrwevysHTCArtLDpPvye8zV/0E4EyYn43P7/7qvQwPh9BGkHewbMulVntbigmcT7rdX3BNo9wRJg=="
		}
	}
}
